
Microsoft Visual Studio Solution File, Format Version 12.00
# Visual Studio Version 16
VisualStudioVersion = 16.0.32106.194
MinimumVisualStudioVersion = 10.0.40219.1
Project("{FAE04EC0-301F-11D3-BF4B-00C04F79EFBC}") = "ASP.NETCOREWebAPI-assessment", "ASP.NETCOREWebAPI-assessment\ASP.NETCOREWebAPI-assessment.csproj", "{CE893A30-061F-4667-A886-F5E71306660B}"
EndProject
Global
	GlobalSection(SolutionConfigurationPlatforms) = preSolution
		Debug|Any CPU = Debug|Any CPU
		Release|Any CPU = Release|Any CPU
	EndGlobalSection
	GlobalSection(ProjectConfigurationPlatforms) = postSolution
		{CE893A30-061F-4667-A886-F5E71306660B}.Debug|Any CPU.ActiveCfg = Debug|Any CPU
		{CE893A30-061F-4667-A886-F5E71306660B}.Debug|Any CPU.Build.0 = Debug|Any CPU
		{CE893A30-061F-4667-A886-F5E71306660B}.Release|Any CPU.ActiveCfg = Release|Any CPU
		{CE893A30-061F-4667-A886-F5E71306660B}.Release|Any CPU.Build.0 = Release|Any CPU
	EndGlobalSection
	GlobalSection(SolutionProperties) = preSolution
		HideSolutionNode = FALSE
	EndGlobalSection
	GlobalSection(ExtensibilityGlobals) = postSolution
		SolutionGuid = {C7AFA538-78BF-41BE-ABC2-B3739390A28E}
	EndGlobalSection
EndGlobal
